// !$*UTF8*$!
{
	archiveVersion = 1;
	classes = {
	};
	objectVersion = 46;
	objects = {

/* Begin PBXBuildFile section */
		9A37C32A1C1F671F00C4435C /* main.m in Sources */ = {isa = PBXBuildFile; fileRef = 9A37C3291C1F671F00C4435C /* main.m */; };
		9A37C32D1C1F671F00C4435C /* AppDelegate.m in Sources */ = {isa = PBXBuildFile; fileRef = 9A37C32C1C1F671F00C4435C /* AppDelegate.m */; };
		9A37C3351C1F671F00C4435C /* Assets.xcassets in Resources */ = {isa = PBXBuildFile; fileRef = 9A37C3341C1F671F00C4435C /* Assets.xcassets */; };
		9A37C3381C1F671F00C4435C /* LaunchScreen.storyboard in Resources */ = {isa = PBXBuildFile; fileRef = 9A37C3361C1F671F00C4435C /* LaunchScreen.storyboard */; };
		9A37C3431C1F671F00C4435C /* Sobrevuelo_ISSTests.m in Sources */ = {isa = PBXBuildFile; fileRef = 9A37C3421C1F671F00C4435C /* Sobrevuelo_ISSTests.m */; };
		9A37C34E1C1F671F00C4435C /* Sobrevuelo_ISSUITests.m in Sources */ = {isa = PBXBuildFile; fileRef = 9A37C34D1C1F671F00C4435C /* Sobrevuelo_ISSUITests.m */; };
		9A37C35D1C1F811B00C4435C /* CoreLocation.framework in Frameworks */ = {isa = PBXBuildFile; fileRef = 9A37C35C1C1F811B00C4435C /* CoreLocation.framework */; };
		9A37C3841C23496500C4435C /* LocationManager.m in Sources */ = {isa = PBXBuildFile; fileRef = 9A37C3831C23496500C4435C /* LocationManager.m */; };
		9A37C3871C23498500C4435C /* Main.storyboard in Resources */ = {isa = PBXBuildFile; fileRef = 9A37C3861C23498500C4435C /* Main.storyboard */; };
		9A37C38C1C2349A300C4435C /* DetailsViewController.m in Sources */ = {isa = PBXBuildFile; fileRef = 9A37C3891C2349A300C4435C /* DetailsViewController.m */; };
		9A37C38D1C2349A300C4435C /* ViewController.m in Sources */ = {isa = PBXBuildFile; fileRef = 9A37C38B1C2349A300C4435C /* ViewController.m */; };
		9A37C3901C2349B400C4435C /* PassEntity.m in Sources */ = {isa = PBXBuildFile; fileRef = 9A37C38F1C2349B400C4435C /* PassEntity.m */; };
		9A37C3941C2349D600C4435C /* arrow.png in Resources */ = {isa = PBXBuildFile; fileRef = 9A37C3911C2349D600C4435C /* arrow.png */; };
		9A37C3951C2349D600C4435C /* arrow@2x.png in Resources */ = {isa = PBXBuildFile; fileRef = 9A37C3921C2349D600C4435C /* arrow@2x.png */; };
		9A37C3961C2349D600C4435C /* arrow@3x.png in Resources */ = {isa = PBXBuildFile; fileRef = 9A37C3931C2349D600C4435C /* arrow@3x.png */; };
		9A37C39A1C2349E200C4435C /* ISS_Avatar.png in Resources */ = {isa = PBXBuildFile; fileRef = 9A37C3971C2349E200C4435C /* ISS_Avatar.png */; };
		9A37C39B1C2349E200C4435C /* ISS_Avatar@2x.png in Resources */ = {isa = PBXBuildFile; fileRef = 9A37C3981C2349E200C4435C /* ISS_Avatar@2x.png */; };
		9A37C39C1C2349E200C4435C /* ISS_Avatar@3x.png in Resources */ = {isa = PBXBuildFile; fileRef = 9A37C3991C2349E200C4435C /* ISS_Avatar@3x.png */; };
/* End PBXBuildFile section */

/* Begin PBXContainerItemProxy section */
		9A37C33F1C1F671F00C4435C /* PBXContainerItemProxy */ = {
			isa = PBXContainerItemProxy;
			containerPortal = 9A37C31D1C1F671F00C4435C /* Project object */;
			proxyType = 1;
			remoteGlobalIDString = 9A37C3241C1F671F00C4435C;
			remoteInfo = "Sobrevuelo ISS";
		};
		9A37C34A1C1F671F00C4435C /* PBXContainerItemProxy */ = {
			isa = PBXContainerItemProxy;
			containerPortal = 9A37C31D1C1F671F00C4435C /* Project object */;
			proxyType = 1;
			remoteGlobalIDString = 9A37C3241C1F671F00C4435C;
			remoteInfo = "Sobrevuelo ISS";
		};
/* End PBXContainerItemProxy section */

/* Begin PBXFileReference section */
		9A37C3251C1F671F00C4435C /* Sobrevuelo ISS.app */ = {isa = PBXFileReference; explicitFileType = wrapper.application; includeInIndex = 0; path = "Sobrevuelo ISS.app"; sourceTree = BUILT_PRODUCTS_DIR; };
		9A37C3291C1F671F00C4435C /* main.m */ = {isa = PBXFileReference; lastKnownFileType = sourcecode.c.objc; path = main.m; sourceTree = "<group>"; };
		9A37C32B1C1F671F00C4435C /* AppDelegate.h */ = {isa = PBXFileReference; lastKnownFileType = sourcecode.c.h; path = AppDelegate.h; sourceTree = "<group>"; };
		9A37C32C1C1F671F00C4435C /* AppDelegate.m */ = {isa = PBXFileReference; lastKnownFileType = sourcecode.c.objc; path = AppDelegate.m; sourceTree = "<group>"; };
		9A37C3341C1F671F00C4435C /* Assets.xcassets */ = {isa = PBXFileReference; lastKnownFileType = folder.assetcatalog; path = Assets.xcassets; sourceTree = "<group>"; };
		9A37C3371C1F671F00C4435C /* Base */ = {isa = PBXFileReference; lastKnownFileType = file.storyboard; name = Base; path = Base.lproj/LaunchScreen.storyboard; sourceTree = "<group>"; };
		9A37C3391C1F671F00C4435C /* Info.plist */ = {isa = PBXFileReference; lastKnownFileType = text.plist.xml; path = Info.plist; sourceTree = "<group>"; };
		9A37C33E1C1F671F00C4435C /* Sobrevuelo ISSTests.xctest */ = {isa = PBXFileReference; explicitFileType = wrapper.cfbundle; includeInIndex = 0; path = "Sobrevuelo ISSTests.xctest"; sourceTree = BUILT_PRODUCTS_DIR; };
		9A37C3421C1F671F00C4435C /* Sobrevuelo_ISSTests.m */ = {isa = PBXFileReference; lastKnownFileType = sourcecode.c.objc; path = Sobrevuelo_ISSTests.m; sourceTree = "<group>"; };
		9A37C3441C1F671F00C4435C /* Info.plist */ = {isa = PBXFileReference; lastKnownFileType = text.plist.xml; path = Info.plist; sourceTree = "<group>"; };
		9A37C3491C1F671F00C4435C /* Sobrevuelo ISSUITests.xctest */ = {isa = PBXFileReference; explicitFileType = wrapper.cfbundle; includeInIndex = 0; path = "Sobrevuelo ISSUITests.xctest"; sourceTree = BUILT_PRODUCTS_DIR; };
		9A37C34D1C1F671F00C4435C /* Sobrevuelo_ISSUITests.m */ = {isa = PBXFileReference; lastKnownFileType = sourcecode.c.objc; path = Sobrevuelo_ISSUITests.m; sourceTree = "<group>"; };
		9A37C34F1C1F671F00C4435C /* Info.plist */ = {isa = PBXFileReference; lastKnownFileType = text.plist.xml; path = Info.plist; sourceTree = "<group>"; };
		9A37C35C1C1F811B00C4435C /* CoreLocation.framework */ = {isa = PBXFileReference; lastKnownFileType = wrapper.framework; name = CoreLocation.framework; path = System/Library/Frameworks/CoreLocation.framework; sourceTree = SDKROOT; };
		9A37C3821C23495600C4435C /* LocationManager.h */ = {isa = PBXFileReference; lastKnownFileType = sourcecode.c.h; name = LocationManager.h; path = Handlers/LocationManager.h; sourceTree = "<group>"; };
		9A37C3831C23496500C4435C /* LocationManager.m */ = {isa = PBXFileReference; fileEncoding = 4; lastKnownFileType = sourcecode.c.objc; name = LocationManager.m; path = Handlers/LocationManager.m; sourceTree = "<group>"; };
		9A37C3851C23497C00C4435C /* Constants.h */ = {isa = PBXFileReference; lastKnownFileType = sourcecode.c.h; name = Constants.h; path = Macros/Constants.h; sourceTree = "<group>"; };
		9A37C3861C23498500C4435C /* Main.storyboard */ = {isa = PBXFileReference; fileEncoding = 4; lastKnownFileType = file.storyboard; name = Main.storyboard; path = Views/Main.storyboard; sourceTree = "<group>"; };
		9A37C3881C2349A300C4435C /* DetailsViewController.h */ = {isa = PBXFileReference; fileEncoding = 4; lastKnownFileType = sourcecode.c.h; name = DetailsViewController.h; path = Controllers/DetailsViewController.h; sourceTree = "<group>"; };
		9A37C3891C2349A300C4435C /* DetailsViewController.m */ = {isa = PBXFileReference; fileEncoding = 4; lastKnownFileType = sourcecode.c.objc; name = DetailsViewController.m; path = Controllers/DetailsViewController.m; sourceTree = "<group>"; };
		9A37C38A1C2349A300C4435C /* ViewController.h */ = {isa = PBXFileReference; fileEncoding = 4; lastKnownFileType = sourcecode.c.h; name = ViewController.h; path = Controllers/ViewController.h; sourceTree = "<group>"; };
		9A37C38B1C2349A300C4435C /* ViewController.m */ = {isa = PBXFileReference; fileEncoding = 4; lastKnownFileType = sourcecode.c.objc; name = ViewController.m; path = Controllers/ViewController.m; sourceTree = "<group>"; };
		9A37C38E1C2349B400C4435C /* PassEntity.h */ = {isa = PBXFileReference; fileEncoding = 4; lastKnownFileType = sourcecode.c.h; name = PassEntity.h; path = Entities/PassEntity.h; sourceTree = "<group>"; };
		9A37C38F1C2349B400C4435C /* PassEntity.m */ = {isa = PBXFileReference; fileEncoding = 4; lastKnownFileType = sourcecode.c.objc; name = PassEntity.m; path = Entities/PassEntity.m; sourceTree = "<group>"; };
		9A37C3911C2349D600C4435C /* arrow.png */ = {isa = PBXFileReference; lastKnownFileType = image.png; name = arrow.png; path = "Sobrevuelo ISS/Resources/arrow/arrow.png"; sourceTree = SOURCE_ROOT; };
		9A37C3921C2349D600C4435C /* arrow@2x.png */ = {isa = PBXFileReference; lastKnownFileType = image.png; name = "arrow@2x.png"; path = "Sobrevuelo ISS/Resources/arrow/arrow@2x.png"; sourceTree = SOURCE_ROOT; };
		9A37C3931C2349D600C4435C /* arrow@3x.png */ = {isa = PBXFileReference; lastKnownFileType = image.png; name = "arrow@3x.png"; path = "Sobrevuelo ISS/Resources/arrow/arrow@3x.png"; sourceTree = SOURCE_ROOT; };
		9A37C3971C2349E200C4435C /* ISS_Avatar.png */ = {isa = PBXFileReference; lastKnownFileType = image.png; name = ISS_Avatar.png; path = "Sobrevuelo ISS/Resources/iss_avatar_ios/ISS_Avatar.png"; sourceTree = SOURCE_ROOT; };
		9A37C3981C2349E200C4435C /* ISS_Avatar@2x.png */ = {isa = PBXFileReference; lastKnownFileType = image.png; name = "ISS_Avatar@2x.png"; path = "Sobrevuelo ISS/Resources/iss_avatar_ios/ISS_Avatar@2x.png"; sourceTree = SOURCE_ROOT; };
		9A37C3991C2349E200C4435C /* ISS_Avatar@3x.png */ = {isa = PBXFileReference; lastKnownFileType = image.png; name = "ISS_Avatar@3x.png"; path = "Sobrevuelo ISS/Resources/iss_avatar_ios/ISS_Avatar@3x.png"; sourceTree = SOURCE_ROOT; };
/* End PBXFileReference section */

/* Begin PBXFrameworksBuildPhase section */
		9A37C3221C1F671F00C4435C /* Frameworks */ = {
			isa = PBXFrameworksBuildPhase;
			buildActionMask = 2147483647;
			files = (
				9A37C35D1C1F811B00C4435C /* CoreLocation.framework in Frameworks */,
			);
			runOnlyForDeploymentPostprocessing = 0;
		};
		9A37C33B1C1F671F00C4435C /* Frameworks */ = {
			isa = PBXFrameworksBuildPhase;
			buildActionMask = 2147483647;
			files = (
			);
			runOnlyForDeploymentPostprocessing = 0;
		};
		9A37C3461C1F671F00C4435C /* Frameworks */ = {
			isa = PBXFrameworksBuildPhase;
			buildActionMask = 2147483647;
			files = (
			);
			runOnlyForDeploymentPostprocessing = 0;
		};
/* End PBXFrameworksBuildPhase section */

/* Begin PBXGroup section */
		9A37C31C1C1F671F00C4435C = {
			isa = PBXGroup;
			children = (
				9A37C35C1C1F811B00C4435C /* CoreLocation.framework */,
				9A37C3271C1F671F00C4435C /* Sobrevuelo ISS */,
				9A37C3411C1F671F00C4435C /* Sobrevuelo ISSTests */,
				9A37C34C1C1F671F00C4435C /* Sobrevuelo ISSUITests */,
				9A37C3261C1F671F00C4435C /* Products */,
			);
			sourceTree = "<group>";
		};
		9A37C3261C1F671F00C4435C /* Products */ = {
			isa = PBXGroup;
			children = (
				9A37C3251C1F671F00C4435C /* Sobrevuelo ISS.app */,
				9A37C33E1C1F671F00C4435C /* Sobrevuelo ISSTests.xctest */,
				9A37C3491C1F671F00C4435C /* Sobrevuelo ISSUITests.xctest */,
			);
			name = Products;
			sourceTree = "<group>";
		};
		9A37C3271C1F671F00C4435C /* Sobrevuelo ISS */ = {
			isa = PBXGroup;
			children = (
				9A37C37B1C21D22600C4435C /* Handlers */,
				9A37C3791C21CDBD00C4435C /* Macros */,
				9A37C3781C21CB1C00C4435C /* Views */,
				9A37C3771C21CAFA00C4435C /* Controllers */,
				9A37C3761C21CA3000C4435C /* Entities */,
				9A37C3611C2089EA00C4435C /* Resources */,
				9A37C32B1C1F671F00C4435C /* AppDelegate.h */,
				9A37C32C1C1F671F00C4435C /* AppDelegate.m */,
				9A37C3341C1F671F00C4435C /* Assets.xcassets */,
				9A37C3391C1F671F00C4435C /* Info.plist */,
				9A37C3281C1F671F00C4435C /* Supporting Files */,
			);
			path = "Sobrevuelo ISS";
			sourceTree = "<group>";
		};
		9A37C3281C1F671F00C4435C /* Supporting Files */ = {
			isa = PBXGroup;
			children = (
				9A37C3291C1F671F00C4435C /* main.m */,
			);
			name = "Supporting Files";
			sourceTree = "<group>";
		};
		9A37C3411C1F671F00C4435C /* Sobrevuelo ISSTests */ = {
			isa = PBXGroup;
			children = (
				9A37C3421C1F671F00C4435C /* Sobrevuelo_ISSTests.m */,
				9A37C3441C1F671F00C4435C /* Info.plist */,
			);
			path = "Sobrevuelo ISSTests";
			sourceTree = "<group>";
		};
		9A37C34C1C1F671F00C4435C /* Sobrevuelo ISSUITests */ = {
			isa = PBXGroup;
			children = (
				9A37C34D1C1F671F00C4435C /* Sobrevuelo_ISSUITests.m */,
				9A37C34F1C1F671F00C4435C /* Info.plist */,
			);
			path = "Sobrevuelo ISSUITests";
			sourceTree = "<group>";
		};
		9A37C3611C2089EA00C4435C /* Resources */ = {
			isa = PBXGroup;
			children = (
				9A37C3691C208A5400C4435C /* arrow */,
				9A37C3621C208A4A00C4435C /* iss_avatar_ios */,
			);
			name = Resources;
			sourceTree = "<group>";
		};
		9A37C3621C208A4A00C4435C /* iss_avatar_ios */ = {
			isa = PBXGroup;
			children = (
				9A37C3971C2349E200C4435C /* ISS_Avatar.png */,
				9A37C3981C2349E200C4435C /* ISS_Avatar@2x.png */,
				9A37C3991C2349E200C4435C /* ISS_Avatar@3x.png */,
			);
			path = iss_avatar_ios;
			sourceTree = "<group>";
		};
		9A37C3691C208A5400C4435C /* arrow */ = {
			isa = PBXGroup;
			children = (
				9A37C3911C2349D600C4435C /* arrow.png */,
				9A37C3921C2349D600C4435C /* arrow@2x.png */,
				9A37C3931C2349D600C4435C /* arrow@3x.png */,
			);
			path = arrow;
			sourceTree = "<group>";
		};
		9A37C3761C21CA3000C4435C /* Entities */ = {
			isa = PBXGroup;
			children = (
				9A37C38E1C2349B400C4435C /* PassEntity.h */,
				9A37C38F1C2349B400C4435C /* PassEntity.m */,
			);
			name = Entities;
			sourceTree = "<group>";
		};
		9A37C3771C21CAFA00C4435C /* Controllers */ = {
			isa = PBXGroup;
			children = (
				9A37C3881C2349A300C4435C /* DetailsViewController.h */,
				9A37C3891C2349A300C4435C /* DetailsViewController.m */,
				9A37C38A1C2349A300C4435C /* ViewController.h */,
				9A37C38B1C2349A300C4435C /* ViewController.m */,
			);
			name = Controllers;
			sourceTree = "<group>";
		};
		9A37C3781C21CB1C00C4435C /* Views */ = {
			isa = PBXGroup;
			children = (
				9A37C3861C23498500C4435C /* Main.storyboard */,
				9A37C3361C1F671F00C4435C /* LaunchScreen.storyboard */,
			);
			name = Views;
			sourceTree = "<group>";
		};
		9A37C3791C21CDBD00C4435C /* Macros */ = {
			isa = PBXGroup;
			children = (
				9A37C3851C23497C00C4435C /* Constants.h */,
			);
			name = Macros;
			sourceTree = "<group>";
		};
		9A37C37B1C21D22600C4435C /* Handlers */ = {
			isa = PBXGroup;
			children = (
				9A37C3831C23496500C4435C /* LocationManager.m */,
				9A37C3821C23495600C4435C /* LocationManager.h */,
			);
			name = Handlers;
			sourceTree = "<group>";
		};
/* End PBXGroup section */

/* Begin PBXNativeTarget section */
		9A37C3241C1F671F00C4435C /* Sobrevuelo ISS */ = {
			isa = PBXNativeTarget;
			buildConfigurationList = 9A37C3521C1F671F00C4435C /* Build configuration list for PBXNativeTarget "Sobrevuelo ISS" */;
			buildPhases = (
				9A37C3211C1F671F00C4435C /* Sources */,
				9A37C3221C1F671F00C4435C /* Frameworks */,
				9A37C3231C1F671F00C4435C /* Resources */,
			);
			buildRules = (
			);
			dependencies = (
			);
			name = "Sobrevuelo ISS";
			productName = "Sobrevuelo ISS";
			productReference = 9A37C3251C1F671F00C4435C /* Sobrevuelo ISS.app */;
			productType = "com.apple.product-type.application";
		};
		9A37C33D1C1F671F00C4435C /* Sobrevuelo ISSTests */ = {
			isa = PBXNativeTarget;
			buildConfigurationList = 9A37C3551C1F671F00C4435C /* Build configuration list for PBXNativeTarget "Sobrevuelo ISSTests" */;
			buildPhases = (
				9A37C33A1C1F671F00C4435C /* Sources */,
				9A37C33B1C1F671F00C4435C /* Frameworks */,
				9A37C33C1C1F671F00C4435C /* Resources */,
			);
			buildRules = (
			);
			dependencies = (
				9A37C3401C1F671F00C4435C /* PBXTargetDependency */,
			);
			name = "Sobrevuelo ISSTests";
			productName = "Sobrevuelo ISSTests";
			productReference = 9A37C33E1C1F671F00C4435C /* Sobrevuelo ISSTests.xctest */;
			productType = "com.apple.product-type.bundle.unit-test";
		};
		9A37C3481C1F671F00C4435C /* Sobrevuelo ISSUITests */ = {
			isa = PBXNativeTarget;
			buildConfigurationList = 9A37C3581C1F671F00C4435C /* Build configuration list for PBXNativeTarget "Sobrevuelo ISSUITests" */;
			buildPhases = (
				9A37C3451C1F671F00C4435C /* Sources */,
				9A37C3461C1F671F00C4435C /* Frameworks */,
				9A37C3471C1F671F00C4435C /* Resources */,
			);
			buildRules = (
			);
			dependencies = (
				9A37C34B1C1F671F00C4435C /* PBXTargetDependency */,
			);
			name = "Sobrevuelo ISSUITests";
			productName = "Sobrevuelo ISSUITests";
			productReference = 9A37C3491C1F671F00C4435C /* Sobrevuelo ISSUITests.xctest */;
			productType = "com.apple.product-type.bundle.ui-testing";
		};
/* End PBXNativeTarget section */

/* Begin PBXProject section */
		9A37C31D1C1F671F00C4435C /* Project object */ = {
			isa = PBXProject;
			attributes = {
				LastUpgradeCheck = 0720;
				ORGANIZATIONNAME = "Álvaro Hernández Ojeda";
				TargetAttributes = {
					9A37C3241C1F671F00C4435C = {
						CreatedOnToolsVersion = 7.2;
					};
					9A37C33D1C1F671F00C4435C = {
						CreatedOnToolsVersion = 7.2;
						TestTargetID = 9A37C3241C1F671F00C4435C;
					};
					9A37C3481C1F671F00C4435C = {
						CreatedOnToolsVersion = 7.2;
						TestTargetID = 9A37C3241C1F671F00C4435C;
					};
				};
			};
			buildConfigurationList = 9A37C3201C1F671F00C4435C /* Build configuration list for PBXProject "Sobrevuelo ISS" */;
			compatibilityVersion = "Xcode 3.2";
			developmentRegion = English;
			hasScannedForEncodings = 0;
			knownRegions = (
				en,
				Base,
			);
			mainGroup = 9A37C31C1C1F671F00C4435C;
			productRefGroup = 9A37C3261C1F671F00C4435C /* Products */;
			projectDirPath = "";
			projectRoot = "";
			targets = (
				9A37C3241C1F671F00C4435C /* Sobrevuelo ISS */,
				9A37C33D1C1F671F00C4435C /* Sobrevuelo ISSTests */,
				9A37C3481C1F671F00C4435C /* Sobrevuelo ISSUITests */,
			);
		};
/* End PBXProject section */

/* Begin PBXResourcesBuildPhase section */
		9A37C3231C1F671F00C4435C /* Resources */ = {
			isa = PBXResourcesBuildPhase;
			buildActionMask = 2147483647;
			files = (
				9A37C3381C1F671F00C4435C /* LaunchScreen.storyboard in Resources */,
				9A37C3871C23498500C4435C /* Main.storyboard in Resources */,
				9A37C39A1C2349E200C4435C /* ISS_Avatar.png in Resources */,
				9A37C39B1C2349E200C4435C /* ISS_Avatar@2x.png in Resources */,
				9A37C3951C2349D600C4435C /* arrow@2x.png in Resources */,
				9A37C3941C2349D600C4435C /* arrow.png in Resources */,
				9A37C3961C2349D600C4435C /* arrow@3x.png in Resources */,
				9A37C39C1C2349E200C4435C /* ISS_Avatar@3x.png in Resources */,
				9A37C3351C1F671F00C4435C /* Assets.xcassets in Resources */,
			);
			runOnlyForDeploymentPostprocessing = 0;
		};
		9A37C33C1C1F671F00C4435C /* Resources */ = {
			isa = PBXResourcesBuildPhase;
			buildActionMask = 2147483647;
			files = (
			);
			runOnlyForDeploymentPostprocessing = 0;
		};
		9A37C3471C1F671F00C4435C /* Resources */ = {
			isa = PBXResourcesBuildPhase;
			buildActionMask = 2147483647;
			files = (
			);
			runOnlyForDeploymentPostprocessing = 0;
		};
/* End PBXResourcesBuildPhase section */

/* Begin PBXSourcesBuildPhase section */
		9A37C3211C1F671F00C4435C /* Sources */ = {
			isa = PBXSourcesBuildPhase;
			buildActionMask = 2147483647;
			files = (
				9A37C3841C23496500C4435C /* LocationManager.m in Sources */,
				9A37C3901C2349B400C4435C /* PassEntity.m in Sources */,
				9A37C38D1C2349A300C4435C /* ViewController.m in Sources */,
				9A37C38C1C2349A300C4435C /* DetailsViewController.m in Sources */,
				9A37C32D1C1F671F00C4435C /* AppDelegate.m in Sources */,
				9A37C32A1C1F671F00C4435C /* main.m in Sources */,
			);
			runOnlyForDeploymentPostprocessing = 0;
		};
		9A37C33A1C1F671F00C4435C /* Sources */ = {
			isa = PBXSourcesBuildPhase;
			buildActionMask = 2147483647;
			files = (
				9A37C3431C1F671F00C4435C /* Sobrevuelo_ISSTests.m in Sources */,
			);
			runOnlyForDeploymentPostprocessing = 0;
		};
		9A37C3451C1F671F00C4435C /* Sources */ = {
			isa = PBXSourcesBuildPhase;
			buildActionMask = 2147483647;
			files = (
				9A37C34E1C1F671F00C4435C /* Sobrevuelo_ISSUITests.m in Sources */,
			);
			runOnlyForDeploymentPostprocessing = 0;
		};
/* End PBXSourcesBuildPhase section */

/* Begin PBXTargetDependency section */
		9A37C3401C1F671F00C4435C /* PBXTargetDependency */ = {
			isa = PBXTargetDependency;
			target = 9A37C3241C1F671F00C4435C /* Sobrevuelo ISS */;
			targetProxy = 9A37C33F1C1F671F00C4435C /* PBXContainerItemProxy */;
		};
		9A37C34B1C1F671F00C4435C /* PBXTargetDependency */ = {
			isa = PBXTargetDependency;
			target = 9A37C3241C1F671F00C4435C /* Sobrevuelo ISS */;
			targetProxy = 9A37C34A1C1F671F00C4435C /* PBXContainerItemProxy */;
		};
/* End PBXTargetDependency section */

/* Begin PBXVariantGroup section */
		9A37C3361C1F671F00C4435C /* LaunchScreen.storyboard */ = {
			isa = PBXVariantGroup;
			children = (
				9A37C3371C1F671F00C4435C /* Base */,
			);
			name = LaunchScreen.storyboard;
			sourceTree = "<group>";
		};
/* End PBXVariantGroup section */

/* Begin XCBuildConfiguration section */
		9A37C3501C1F671F00C4435C /* Debug */ = {
			isa = XCBuildConfiguration;
			buildSettings = {
				ALWAYS_SEARCH_USER_PATHS = NO;
				CLANG_CXX_LANGUAGE_STANDARD = "gnu++0x";
				CLANG_CXX_LIBRARY = "libc++";
				CLANG_ENABLE_MODULES = YES;
				CLANG_ENABLE_OBJC_ARC = YES;
				CLANG_WARN_BOOL_CONVERSION = YES;
				CLANG_WARN_CONSTANT_CONVERSION = YES;
				CLANG_WARN_DIRECT_OBJC_ISA_USAGE = YES_ERROR;
				CLANG_WARN_EMPTY_BODY = YES;
				CLANG_WARN_ENUM_CONVERSION = YES;
				CLANG_WARN_INT_CONVERSION = YES;
				CLANG_WARN_OBJC_ROOT_CLASS = YES_ERROR;
				CLANG_WARN_UNREACHABLE_CODE = YES;
				CLANG_WARN__DUPLICATE_METHOD_MATCH = YES;
				"CODE_SIGN_IDENTITY[sdk=iphoneos*]" = "iPhone Developer";
				COPY_PHASE_STRIP = NO;
				DEBUG_INFORMATION_FORMAT = dwarf;
				ENABLE_STRICT_OBJC_MSGSEND = YES;
				ENABLE_TESTABILITY = YES;
				GCC_C_LANGUAGE_STANDARD = gnu99;
				GCC_DYNAMIC_NO_PIC = NO;
				GCC_NO_COMMON_BLOCKS = YES;
				GCC_OPTIMIZATION_LEVEL = 0;
				GCC_PREPROCESSOR_DEFINITIONS = (
					"DEBUG=1",
					"$(inherited)",
				);
				GCC_WARN_64_TO_32_BIT_CONVERSION = YES;
				GCC_WARN_ABOUT_RETURN_TYPE = YES_ERROR;
				GCC_WARN_UNDECLARED_SELECTOR = YES;
				GCC_WARN_UNINITIALIZED_AUTOS = YES_AGGRESSIVE;
				GCC_WARN_UNUSED_FUNCTION = YES;
				GCC_WARN_UNUSED_VARIABLE = YES;
				IPHONEOS_DEPLOYMENT_TARGET = 9.2;
				MTL_ENABLE_DEBUG_INFO = YES;
				ONLY_ACTIVE_ARCH = YES;
				SDKROOT = iphoneos;
				TARGETED_DEVICE_FAMILY = "1,2";
			};
			name = Debug;
		};
		9A37C3511C1F671F00C4435C /* Release */ = {
			isa = XCBuildConfiguration;
			buildSettings = {
				ALWAYS_SEARCH_USER_PATHS = NO;
				CLANG_CXX_LANGUAGE_STANDARD = "gnu++0x";
				CLANG_CXX_LIBRARY = "libc++";
				CLANG_ENABLE_MODULES = YES;
				CLANG_ENABLE_OBJC_ARC = YES;
				CLANG_WARN_BOOL_CONVERSION = YES;
				CLANG_WARN_CONSTANT_CONVERSION = YES;
				CLANG_WARN_DIRECT_OBJC_ISA_USAGE = YES_ERROR;
				CLANG_WARN_EMPTY_BODY = YES;
				CLANG_WARN_ENUM_CONVERSION = YES;
				CLANG_WARN_INT_CONVERSION = YES;
				CLANG_WARN_OBJC_ROOT_CLASS = YES_ERROR;
				CLANG_WARN_UNREACHABLE_CODE = YES;
				CLANG_WARN__DUPLICATE_METHOD_MATCH = YES;
				"CODE_SIGN_IDENTITY[sdk=iphoneos*]" = "iPhone Developer";
				COPY_PHASE_STRIP = NO;
				DEBUG_INFORMATION_FORMAT = "dwarf-with-dsym";
				ENABLE_NS_ASSERTIONS = NO;
				ENABLE_STRICT_OBJC_MSGSEND = YES;
				GCC_C_LANGUAGE_STANDARD = gnu99;
				GCC_NO_COMMON_BLOCKS = YES;
				GCC_WARN_64_TO_32_BIT_CONVERSION = YES;
				GCC_WARN_ABOUT_RETURN_TYPE = YES_ERROR;
				GCC_WARN_UNDECLARED_SELECTOR = YES;
				GCC_WARN_UNINITIALIZED_AUTOS = YES_AGGRESSIVE;
				GCC_WARN_UNUSED_FUNCTION = YES;
				GCC_WARN_UNUSED_VARIABLE = YES;
				IPHONEOS_DEPLOYMENT_TARGET = 9.2;
				MTL_ENABLE_DEBUG_INFO = NO;
				SDKROOT = iphoneos;
				TARGETED_DEVICE_FAMILY = "1,2";
				VALIDATE_PRODUCT = YES;
			};
			name = Release;
		};
		9A37C3531C1F671F00C4435C /* Debug */ = {
			isa = XCBuildConfiguration;
			buildSettings = {
				ASSETCATALOG_COMPILER_APPICON_NAME = AppIcon;
				INFOPLIST_FILE = "Sobrevuelo ISS/Info.plist";
				LD_RUNPATH_SEARCH_PATHS = "$(inherited) @executable_path/Frameworks";
				PRODUCT_BUNDLE_IDENTIFIER = "necsal.Sobrevuelo-ISS";
				PRODUCT_NAME = "$(TARGET_NAME)";
			};
			name = Debug;
		};
		9A37C3541C1F671F00C4435C /* Release */ = {
			isa = XCBuildConfiguration;
			buildSettings = {
				ASSETCATALOG_COMPILER_APPICON_NAME = AppIcon;
				INFOPLIST_FILE = "Sobrevuelo ISS/Info.plist";
				LD_RUNPATH_SEARCH_PATHS = "$(inherited) @executable_path/Frameworks";
				PRODUCT_BUNDLE_IDENTIFIER = "necsal.Sobrevuelo-ISS";
				PRODUCT_NAME = "$(TARGET_NAME)";
			};
			name = Release;
		};
		9A37C3561C1F671F00C4435C /* Debug */ = {
			isa = XCBuildConfiguration;
			buildSettings = {
				BUNDLE_LOADER = "$(TEST_HOST)";
				INFOPLIST_FILE = "Sobrevuelo ISSTests/Info.plist";
				LD_RUNPATH_SEARCH_PATHS = "$(inherited) @executable_path/Frameworks @loader_path/Frameworks";
				PRODUCT_BUNDLE_IDENTIFIER = "necsal.Sobrevuelo-ISSTests";
				PRODUCT_NAME = "$(TARGET_NAME)";
				TEST_HOST = "$(BUILT_PRODUCTS_DIR)/Sobrevuelo ISS.app/Sobrevuelo ISS";
			};
			name = Debug;
		};
		9A37C3571C1F671F00C4435C /* Release */ = {
			isa = XCBuildConfiguration;
			buildSettings = {
				BUNDLE_LOADER = "$(TEST_HOST)";
				INFOPLIST_FILE = "Sobrevuelo ISSTests/Info.plist";
				LD_RUNPATH_SEARCH_PATHS = "$(inherited) @executable_path/Frameworks @loader_path/Frameworks";
				PRODUCT_BUNDLE_IDENTIFIER = "necsal.Sobrevuelo-ISSTests";
				PRODUCT_NAME = "$(TARGET_NAME)";
				TEST_HOST = "$(BUILT_PRODUCTS_DIR)/Sobrevuelo ISS.app/Sobrevuelo ISS";
			};
			name = Release;
		};
		9A37C3591C1F671F00C4435C /* Debug */ = {
			isa = XCBuildConfiguration;
			buildSettings = {
				INFOPLIST_FILE = "Sobrevuelo ISSUITests/Info.plist";
				LD_RUNPATH_SEARCH_PATHS = "$(inherited) @executable_path/Frameworks @loader_path/Frameworks";
				PRODUCT_BUNDLE_IDENTIFIER = "necsal.Sobrevuelo-ISSUITests";
				PRODUCT_NAME = "$(TARGET_NAME)";
				TEST_TARGET_NAME = "Sobrevuelo ISS";
				USES_XCTRUNNER = YES;
			};
			name = Debug;
		};
		9A37C35A1C1F671F00C4435C /* Release */ = {
			isa = XCBuildConfiguration;
			buildSettings = {
				INFOPLIST_FILE = "Sobrevuelo ISSUITests/Info.plist";
				LD_RUNPATH_SEARCH_PATHS = "$(inherited) @executable_path/Frameworks @loader_path/Frameworks";
				PRODUCT_BUNDLE_IDENTIFIER = "necsal.Sobrevuelo-ISSUITests";
				PRODUCT_NAME = "$(TARGET_NAME)";
				TEST_TARGET_NAME = "Sobrevuelo ISS";
				USES_XCTRUNNER = YES;
			};
			name = Release;
		};
/* End XCBuildConfiguration section */

/* Begin XCConfigurationList section */
		9A37C3201C1F671F00C4435C /* Build configuration list for PBXProject "Sobrevuelo ISS" */ = {
			isa = XCConfigurationList;
			buildConfigurations = (
				9A37C3501C1F671F00C4435C /* Debug */,
				9A37C3511C1F671F00C4435C /* Release */,
			);
			defaultConfigurationIsVisible = 0;
			defaultConfigurationName = Release;
		};
		9A37C3521C1F671F00C4435C /* Build configuration list for PBXNativeTarget "Sobrevuelo ISS" */ = {
			isa = XCConfigurationList;
			buildConfigurations = (
				9A37C3531C1F671F00C4435C /* Debug */,
				9A37C3541C1F671F00C4435C /* Release */,
			);
			defaultConfigurationIsVisible = 0;
			defaultConfigurationName = Release;
		};
		9A37C3551C1F671F00C4435C /* Build configuration list for PBXNativeTarget "Sobrevuelo ISSTests" */ = {
			isa = XCConfigurationList;
			buildConfigurations = (
				9A37C3561C1F671F00C4435C /* Debug */,
				9A37C3571C1F671F00C4435C /* Release */,
			);
			defaultConfigurationIsVisible = 0;
			defaultConfigurationName = Release;
		};
		9A37C3581C1F671F00C4435C /* Build configuration list for PBXNativeTarget "Sobrevuelo ISSUITests" */ = {
			isa = XCConfigurationList;
			buildConfigurations = (
				9A37C3591C1F671F00C4435C /* Debug */,
				9A37C35A1C1F671F00C4435C /* Release */,
			);
			defaultConfigurationIsVisible = 0;
			defaultConfigurationName = Release;
		};
/* End XCConfigurationList section */
	};
	rootObject = 9A37C31D1C1F671F00C4435C /* Project object */;
}
